PODS:
  - FSCalendar (2.8.1)
  - SnapKit (5.0.1)

DEPENDENCIES:
  - FSCalendar
  - SnapKit

SPEC REPOS:
  trunk:
    - FSCalendar
    - SnapKit

SPEC CHECKSUMS:
  FSCalendar: 5245140456fcbcac5824c203b98bd8068bdfee1a
  SnapKit: 97b92857e3df3a0c71833cce143274bf6ef8e5eb

PODFILE CHECKSUM: 7c787d658578692e7597e34a0f09b41fc67914d5

COCOAPODS: 1.8.4
